
Microsoft Visual Studio Solution File, Format Version 12.00
# Visual Studio 15
VisualStudioVersion = 15.0.27004.2006
MinimumVisualStudioVersion = 10.0.40219.1
Project("{FAE04EC0-301F-11D3-BF4B-00C04F79EFBC}") = "BPM1", "BPM1\BPM1.csproj", "{7210D733-EED7-4619-882E-500C7A65DAAF}"
EndProject
Project("{FAE04EC0-301F-11D3-BF4B-00C04F79EFBC}") = "BPM.Models", "BPM.Models\BPM.Models.csproj", "{02D41843-DB4F-4238-950D-0B23C4F6620B}"
EndProject
Project("{FAE04EC0-301F-11D3-BF4B-00C04F79EFBC}") = "BPM.Repository", "BPM.Repository\BPM.Repository.csproj", "{87906C61-9216-492B-B06E-7FBD68372025}"
EndProject
Global
	GlobalSection(SolutionConfigurationPlatforms) = preSolution
		Debug|Any CPU = Debug|Any CPU
		Release|Any CPU = Release|Any CPU
	EndGlobalSection
	GlobalSection(ProjectConfigurationPlatforms) = postSolution
		{7210D733-EED7-4619-882E-500C7A65DAAF}.Debug|Any CPU.ActiveCfg = Debug|Any CPU
		{7210D733-EED7-4619-882E-500C7A65DAAF}.Debug|Any CPU.Build.0 = Debug|Any CPU
		{7210D733-EED7-4619-882E-500C7A65DAAF}.Release|Any CPU.ActiveCfg = Release|Any CPU
		{7210D733-EED7-4619-882E-500C7A65DAAF}.Release|Any CPU.Build.0 = Release|Any CPU
		{02D41843-DB4F-4238-950D-0B23C4F6620B}.Debug|Any CPU.ActiveCfg = Debug|Any CPU
		{02D41843-DB4F-4238-950D-0B23C4F6620B}.Debug|Any CPU.Build.0 = Debug|Any CPU
		{02D41843-DB4F-4238-950D-0B23C4F6620B}.Release|Any CPU.ActiveCfg = Release|Any CPU
		{02D41843-DB4F-4238-950D-0B23C4F6620B}.Release|Any CPU.Build.0 = Release|Any CPU
		{87906C61-9216-492B-B06E-7FBD68372025}.Debug|Any CPU.ActiveCfg = Debug|Any CPU
		{87906C61-9216-492B-B06E-7FBD68372025}.Debug|Any CPU.Build.0 = Debug|Any CPU
		{87906C61-9216-492B-B06E-7FBD68372025}.Release|Any CPU.ActiveCfg = Release|Any CPU
		{87906C61-9216-492B-B06E-7FBD68372025}.Release|Any CPU.Build.0 = Release|Any CPU
	EndGlobalSection
	GlobalSection(SolutionProperties) = preSolution
		HideSolutionNode = FALSE
	EndGlobalSection
	GlobalSection(ExtensibilityGlobals) = postSolution
		SolutionGuid = {122597AA-44C3-448A-9CB7-32BF25DAC926}
	EndGlobalSection
EndGlobal
